
Microsoft Visual Studio Solution File, Format Version 12.00
# Visual Studio Version 17
VisualStudioVersion = 17.6.33829.357
MinimumVisualStudioVersion = 10.0.40219.1
Project("{FAE04EC0-301F-11D3-BF4B-00C04F79EFBC}") = "ConsoleApp3", "ConsoleApp3\ConsoleApp3.csproj", "{7BB4C4E4-770A-4F16-8180-F77B8C2F6D8B}"
EndProject
Global
	GlobalSection(SolutionConfigurationPlatforms) = preSolution
		Debug|Any CPU = Debug|Any CPU
		Release|Any CPU = Release|Any CPU
	EndGlobalSection
	GlobalSection(ProjectConfigurationPlatforms) = postSolution
		{7BB4C4E4-770A-4F16-8180-F77B8C2F6D8B}.Debug|Any CPU.ActiveCfg = Debug|Any CPU
		{7BB4C4E4-770A-4F16-8180-F77B8C2F6D8B}.Debug|Any CPU.Build.0 = Debug|Any CPU
		{7BB4C4E4-770A-4F16-8180-F77B8C2F6D8B}.Release|Any CPU.ActiveCfg = Release|Any CPU
		{7BB4C4E4-770A-4F16-8180-F77B8C2F6D8B}.Release|Any CPU.Build.0 = Release|Any CPU
	EndGlobalSection
	GlobalSection(SolutionProperties) = preSolution
		HideSolutionNode = FALSE
	EndGlobalSection
	GlobalSection(ExtensibilityGlobals) = postSolution
		SolutionGuid = {924C2E68-ADF8-4B13-8EE3-830C5C6C11DF}
	EndGlobalSection
EndGlobal
